{
  "pins" : [
    {
      "identity" : "inlinecolorpicker",
      "kind" : "remoteSourceControl",
      "location" : "https://github.com/photangralenphie/InlineColorPicker",
      "state" : {
        "branch" : "main",
        "revision" : "d70396a58b80d66831ef362daa625724e1410fe5"
      }
    },
    {
      "identity" : "printingkit",
      "kind" : "remoteSourceControl",
      "location" : "https://github.com/danielsaidi/PrintingKit",
      "state" : {
        "revision" : "36c6d121eefef73af44271b745a9793b8fca0c2e",
        "version" : "0.5.2"
      }
    },
    {
      "identity" : "tppdf",
      "kind" : "remoteSourceControl",
      "location" : "https://github.com/techprimate/TPPDF",
      "state" : {
        "revision" : "5075703da5afd1a84db094cd8abdcea2f9d42367",
        "version" : "2.5.0"
      }
    }
  ],
  "version" : 2
}
