{
  "originHash" : "78430f08181b9c71df49b4955fd317982907485968f00e333072d2a38749cf84",
  "pins" : [
    {
      "identity" : "awesomeswiftycomponents",
      "kind" : "remoteSourceControl",
      "location" : "https://github.com/photangralenphie/AwesomeSwiftyComponents",
      "state" : {
        "revision" : "cf3efbac6d89bdce76155c17f228af6f0f9c7286",
        "version" : "2.0.0"
      }
    },
    {
      "identity" : "printingkit",
      "kind" : "remoteSourceControl",
      "location" : "https://github.com/danielsaidi/PrintingKit",
      "state" : {
        "revision" : "df6b723008b6bc8dbed0cd195edc71b9c89b096c",
        "version" : "0.8.0"
      }
    },
    {
      "identity" : "tppdf",
      "kind" : "remoteSourceControl",
      "location" : "https://github.com/techprimate/TPPDF",
      "state" : {
        "revision" : "975049c0e1022922580b7927e030901604024925",
        "version" : "2.6.1"
      }
    }
  ],
  "version" : 3
}
