{
  "originHash" : "905b916a1a762ea6b607c6cc1ad07bb891e3109d83588d67bcd046f9e72187fb",
  "pins" : [
    {
      "identity" : "awsomeswiftycomponents",
      "kind" : "remoteSourceControl",
      "location" : "https://github.com/photangralenphie/AwsomeSwiftyComponents",
      "state" : {
        "branch" : "main",
        "revision" : "e337d918d9ae9fd8943f52e0dafb69c736fcb5bb"
      }
    },
    {
      "identity" : "printingkit",
      "kind" : "remoteSourceControl",
      "location" : "https://github.com/danielsaidi/PrintingKit",
      "state" : {
        "revision" : "36c6d121eefef73af44271b745a9793b8fca0c2e",
        "version" : "0.5.2"
      }
    },
    {
      "identity" : "tppdf",
      "kind" : "remoteSourceControl",
      "location" : "https://github.com/techprimate/TPPDF",
      "state" : {
        "revision" : "5075703da5afd1a84db094cd8abdcea2f9d42367",
        "version" : "2.5.0"
      }
    }
  ],
  "version" : 3
}
