// !$*UTF8*$!
{
	archiveVersion = 1;
	classes = {
	};
	objectVersion = 56;
	objects = {

/* Begin PBXBuildFile section */
		DD034E4A2B93B1D20038F7A7 /* PrintingKit in Frameworks */ = {isa = PBXBuildFile; productRef = DD034E492B93B1D20038F7A7 /* PrintingKit */; };
		DD034E4D2B93B5F10038F7A7 /* TPPDF in Frameworks */ = {isa = PBXBuildFile; productRef = DD034E4C2B93B5F10038F7A7 /* TPPDF */; };
		DD53C04E2C0A53150020DB61 /* PdfMaker.swift in Sources */ = {isa = PBXBuildFile; fileRef = DD53C04D2C0A53150020DB61 /* PdfMaker.swift */; };
		DD53C0512C0A72100020DB61 /* LABiometryType.swift in Sources */ = {isa = PBXBuildFile; fileRef = DD53C0502C0A72100020DB61 /* LABiometryType.swift */; };
		DD53C0542C0A761D0020DB61 /* CenteredImageLabelStyle.swift in Sources */ = {isa = PBXBuildFile; fileRef = DD53C0532C0A761D0020DB61 /* CenteredImageLabelStyle.swift */; };
		DD53C0562C0B92770020DB61 /* Localizable.xcstrings in Resources */ = {isa = PBXBuildFile; fileRef = DD53C0552C0B92770020DB61 /* Localizable.xcstrings */; };
		DD53C05A2C0C784A0020DB61 /* AwsomeSwiftyComponents in Frameworks */ = {isa = PBXBuildFile; productRef = DD53C0592C0C784A0020DB61 /* AwsomeSwiftyComponents */; };
		DD5D52772B9DBE750086B4D3 /* ListDetailEditor.swift in Sources */ = {isa = PBXBuildFile; fileRef = DD5D52762B9DBE750086B4D3 /* ListDetailEditor.swift */; };
		DD9553A628F55E7A00D1A9E3 /* IconPicker.swift in Sources */ = {isa = PBXBuildFile; fileRef = DD9553A528F55E7A00D1A9E3 /* IconPicker.swift */; };
		DDA743D828F0873500681693 /* EasyChecklistApp.swift in Sources */ = {isa = PBXBuildFile; fileRef = DDA743D728F0873500681693 /* EasyChecklistApp.swift */; };
		DDA743DA28F0873500681693 /* ChecklistCellView.swift in Sources */ = {isa = PBXBuildFile; fileRef = DDA743D928F0873500681693 /* ChecklistCellView.swift */; };
		DDA743DC28F0873900681693 /* Assets.xcassets in Resources */ = {isa = PBXBuildFile; fileRef = DDA743DB28F0873900681693 /* Assets.xcassets */; };
		DDA743E028F0873A00681693 /* Preview Assets.xcassets in Resources */ = {isa = PBXBuildFile; fileRef = DDA743DF28F0873A00681693 /* Preview Assets.xcassets */; };
		DDBCED6A28F21FD400F3B22C /* SettingsView.swift in Sources */ = {isa = PBXBuildFile; fileRef = DDBCED6928F21FD400F3B22C /* SettingsView.swift */; };
		DDDA1E432B9D018400E00524 /* CreditsView.swift in Sources */ = {isa = PBXBuildFile; fileRef = DDDA1E422B9D018400E00524 /* CreditsView.swift */; };
		DDFA2F022B78D7460037FC6D /* CustomList.swift in Sources */ = {isa = PBXBuildFile; fileRef = DDFA2F012B78D7460037FC6D /* CustomList.swift */; };
		DDFA2F042B78ECF30037FC6D /* ListEntry.swift in Sources */ = {isa = PBXBuildFile; fileRef = DDFA2F032B78ECF20037FC6D /* ListEntry.swift */; };
		DDFA2F062B78EEB80037FC6D /* ListView.swift in Sources */ = {isa = PBXBuildFile; fileRef = DDFA2F052B78EEB80037FC6D /* ListView.swift */; };
		DDFA2F082B7920370037FC6D /* ListEntryView.swift in Sources */ = {isa = PBXBuildFile; fileRef = DDFA2F072B7920370037FC6D /* ListEntryView.swift */; };
		DDFA2F0A2B7FF4170037FC6D /* ContentView.swift in Sources */ = {isa = PBXBuildFile; fileRef = DDFA2F092B7FF4170037FC6D /* ContentView.swift */; };
/* End PBXBuildFile section */

/* Begin PBXFileReference section */
		DD53C04D2C0A53150020DB61 /* PdfMaker.swift */ = {isa = PBXFileReference; lastKnownFileType = sourcecode.swift; path = PdfMaker.swift; sourceTree = "<group>"; };
		DD53C0502C0A72100020DB61 /* LABiometryType.swift */ = {isa = PBXFileReference; lastKnownFileType = sourcecode.swift; path = LABiometryType.swift; sourceTree = "<group>"; };
		DD53C0532C0A761D0020DB61 /* CenteredImageLabelStyle.swift */ = {isa = PBXFileReference; lastKnownFileType = sourcecode.swift; path = CenteredImageLabelStyle.swift; sourceTree = "<group>"; };
		DD53C0552C0B92770020DB61 /* Localizable.xcstrings */ = {isa = PBXFileReference; lastKnownFileType = text.json.xcstrings; path = Localizable.xcstrings; sourceTree = "<group>"; };
		DD5D52762B9DBE750086B4D3 /* ListDetailEditor.swift */ = {isa = PBXFileReference; lastKnownFileType = sourcecode.swift; path = ListDetailEditor.swift; sourceTree = "<group>"; };
		DD9553A528F55E7A00D1A9E3 /* IconPicker.swift */ = {isa = PBXFileReference; lastKnownFileType = sourcecode.swift; path = IconPicker.swift; sourceTree = "<group>"; };
		DDA743D428F0873500681693 /* EasyChecklist.app */ = {isa = PBXFileReference; explicitFileType = wrapper.application; includeInIndex = 0; path = EasyChecklist.app; sourceTree = BUILT_PRODUCTS_DIR; };
		DDA743D728F0873500681693 /* EasyChecklistApp.swift */ = {isa = PBXFileReference; lastKnownFileType = sourcecode.swift; path = EasyChecklistApp.swift; sourceTree = "<group>"; };
		DDA743D928F0873500681693 /* ChecklistCellView.swift */ = {isa = PBXFileReference; lastKnownFileType = sourcecode.swift; path = ChecklistCellView.swift; sourceTree = "<group>"; };
		DDA743DB28F0873900681693 /* Assets.xcassets */ = {isa = PBXFileReference; lastKnownFileType = folder.assetcatalog; path = Assets.xcassets; sourceTree = "<group>"; };
		DDA743DD28F0873900681693 /* EasyChecklist.entitlements */ = {isa = PBXFileReference; lastKnownFileType = text.plist.entitlements; path = EasyChecklist.entitlements; sourceTree = "<group>"; };
		DDA743DF28F0873A00681693 /* Preview Assets.xcassets */ = {isa = PBXFileReference; lastKnownFileType = folder.assetcatalog; path = "Preview Assets.xcassets"; sourceTree = "<group>"; };
		DDBCED6928F21FD400F3B22C /* SettingsView.swift */ = {isa = PBXFileReference; lastKnownFileType = sourcecode.swift; path = SettingsView.swift; sourceTree = "<group>"; };
		DDCDBBDA2C0C7FBF00093A4F /* Info.plist */ = {isa = PBXFileReference; fileEncoding = 4; lastKnownFileType = text.plist.xml; path = Info.plist; sourceTree = "<group>"; };
		DDDA1E422B9D018400E00524 /* CreditsView.swift */ = {isa = PBXFileReference; lastKnownFileType = sourcecode.swift; path = CreditsView.swift; sourceTree = "<group>"; };
		DDFA2F012B78D7460037FC6D /* CustomList.swift */ = {isa = PBXFileReference; lastKnownFileType = sourcecode.swift; path = CustomList.swift; sourceTree = "<group>"; };
		DDFA2F032B78ECF20037FC6D /* ListEntry.swift */ = {isa = PBXFileReference; lastKnownFileType = sourcecode.swift; path = ListEntry.swift; sourceTree = "<group>"; };
		DDFA2F052B78EEB80037FC6D /* ListView.swift */ = {isa = PBXFileReference; lastKnownFileType = sourcecode.swift; path = ListView.swift; sourceTree = "<group>"; };
		DDFA2F072B7920370037FC6D /* ListEntryView.swift */ = {isa = PBXFileReference; lastKnownFileType = sourcecode.swift; path = ListEntryView.swift; sourceTree = "<group>"; };
		DDFA2F092B7FF4170037FC6D /* ContentView.swift */ = {isa = PBXFileReference; lastKnownFileType = sourcecode.swift; path = ContentView.swift; sourceTree = "<group>"; };
/* End PBXFileReference section */

/* Begin PBXFrameworksBuildPhase section */
		DDA743D128F0873500681693 /* Frameworks */ = {
			isa = PBXFrameworksBuildPhase;
			buildActionMask = 2147483647;
			files = (
				DD034E4A2B93B1D20038F7A7 /* PrintingKit in Frameworks */,
				DD53C05A2C0C784A0020DB61 /* AwsomeSwiftyComponents in Frameworks */,
				DD034E4D2B93B5F10038F7A7 /* TPPDF in Frameworks */,
			);
			runOnlyForDeploymentPostprocessing = 0;
		};
/* End PBXFrameworksBuildPhase section */

/* Begin PBXGroup section */
		DD3E5B062B8259DC0087F87F /* Frameworks */ = {
			isa = PBXGroup;
			children = (
			);
			name = Frameworks;
			sourceTree = "<group>";
		};
		DD3E5B092B82A3320087F87F /* Settings */ = {
			isa = PBXGroup;
			children = (
				DDBCED6928F21FD400F3B22C /* SettingsView.swift */,
				DD9553A528F55E7A00D1A9E3 /* IconPicker.swift */,
				DDDA1E422B9D018400E00524 /* CreditsView.swift */,
			);
			path = Settings;
			sourceTree = "<group>";
		};
		DD53C04F2C0A71D50020DB61 /* Extensions */ = {
			isa = PBXGroup;
			children = (
				DD53C0502C0A72100020DB61 /* LABiometryType.swift */,
			);
			path = Extensions;
			sourceTree = "<group>";
		};
		DD53C0522C0A76010020DB61 /* Styles */ = {
			isa = PBXGroup;
			children = (
				DD53C0532C0A761D0020DB61 /* CenteredImageLabelStyle.swift */,
			);
			path = Styles;
			sourceTree = "<group>";
		};
		DDA743CB28F0873500681693 = {
			isa = PBXGroup;
			children = (
				DDA743D628F0873500681693 /* EasyChecklist */,
				DDA743D528F0873500681693 /* Products */,
				DD3E5B062B8259DC0087F87F /* Frameworks */,
			);
			sourceTree = "<group>";
		};
		DDA743D528F0873500681693 /* Products */ = {
			isa = PBXGroup;
			children = (
				DDA743D428F0873500681693 /* EasyChecklist.app */,
			);
			name = Products;
			sourceTree = "<group>";
		};
		DDA743D628F0873500681693 /* EasyChecklist */ = {
			isa = PBXGroup;
			children = (
				DD53C0522C0A76010020DB61 /* Styles */,
				DD53C04F2C0A71D50020DB61 /* Extensions */,
				DDFA2F002B78D7290037FC6D /* Model */,
				DD3E5B092B82A3320087F87F /* Settings */,
				DDA743D728F0873500681693 /* EasyChecklistApp.swift */,
				DDFA2F092B7FF4170037FC6D /* ContentView.swift */,
				DDA743D928F0873500681693 /* ChecklistCellView.swift */,
				DDFA2F052B78EEB80037FC6D /* ListView.swift */,
				DD5D52762B9DBE750086B4D3 /* ListDetailEditor.swift */,
				DDFA2F072B7920370037FC6D /* ListEntryView.swift */,
				DDA743DB28F0873900681693 /* Assets.xcassets */,
				DD53C0552C0B92770020DB61 /* Localizable.xcstrings */,
				DDA743DD28F0873900681693 /* EasyChecklist.entitlements */,
				DDA743DE28F0873A00681693 /* Preview Content */,
				DDCDBBDA2C0C7FBF00093A4F /* Info.plist */,
			);
			path = EasyChecklist;
			sourceTree = "<group>";
		};
		DDA743DE28F0873A00681693 /* Preview Content */ = {
			isa = PBXGroup;
			children = (
				DDA743DF28F0873A00681693 /* Preview Assets.xcassets */,
			);
			path = "Preview Content";
			sourceTree = "<group>";
		};
		DDFA2F002B78D7290037FC6D /* Model */ = {
			isa = PBXGroup;
			children = (
				DDFA2F012B78D7460037FC6D /* CustomList.swift */,
				DDFA2F032B78ECF20037FC6D /* ListEntry.swift */,
				DD53C04D2C0A53150020DB61 /* PdfMaker.swift */,
			);
			path = Model;
			sourceTree = "<group>";
		};
/* End PBXGroup section */

/* Begin PBXNativeTarget section */
		DDA743D328F0873500681693 /* EasyChecklist */ = {
			isa = PBXNativeTarget;
			buildConfigurationList = DDA743E328F0873A00681693 /* Build configuration list for PBXNativeTarget "EasyChecklist" */;
			buildPhases = (
				DDA743D028F0873500681693 /* Sources */,
				DDA743D128F0873500681693 /* Frameworks */,
				DDA743D228F0873500681693 /* Resources */,
			);
			buildRules = (
			);
			dependencies = (
			);
			name = EasyChecklist;
			packageProductDependencies = (
				DD034E492B93B1D20038F7A7 /* PrintingKit */,
				DD034E4C2B93B5F10038F7A7 /* TPPDF */,
				DD53C0592C0C784A0020DB61 /* AwsomeSwiftyComponents */,
			);
			productName = EasyChecklist;
			productReference = DDA743D428F0873500681693 /* EasyChecklist.app */;
			productType = "com.apple.product-type.application";
		};
/* End PBXNativeTarget section */

/* Begin PBXProject section */
		DDA743CC28F0873500681693 /* Project object */ = {
			isa = PBXProject;
			attributes = {
				BuildIndependentTargetsInParallel = 1;
				LastSwiftUpdateCheck = 1400;
				LastUpgradeCheck = 1540;
				TargetAttributes = {
					DDA743D328F0873500681693 = {
						CreatedOnToolsVersion = 14.0.1;
					};
				};
			};
			buildConfigurationList = DDA743CF28F0873500681693 /* Build configuration list for PBXProject "EasyChecklist" */;
			compatibilityVersion = "Xcode 14.0";
			developmentRegion = en;
			hasScannedForEncodings = 0;
			knownRegions = (
				en,
				Base,
				de,
			);
			mainGroup = DDA743CB28F0873500681693;
			packageReferences = (
				DD034E482B93B1D20038F7A7 /* XCRemoteSwiftPackageReference "PrintingKit" */,
				DD034E4B2B93B5F10038F7A7 /* XCRemoteSwiftPackageReference "TPPDF" */,
				DD53C0582C0C784A0020DB61 /* XCRemoteSwiftPackageReference "AwsomeSwiftyComponents" */,
			);
			productRefGroup = DDA743D528F0873500681693 /* Products */;
			projectDirPath = "";
			projectRoot = "";
			targets = (
				DDA743D328F0873500681693 /* EasyChecklist */,
			);
		};
/* End PBXProject section */

/* Begin PBXResourcesBuildPhase section */
		DDA743D228F0873500681693 /* Resources */ = {
			isa = PBXResourcesBuildPhase;
			buildActionMask = 2147483647;
			files = (
				DDA743E028F0873A00681693 /* Preview Assets.xcassets in Resources */,
				DDA743DC28F0873900681693 /* Assets.xcassets in Resources */,
				DD53C0562C0B92770020DB61 /* Localizable.xcstrings in Resources */,
			);
			runOnlyForDeploymentPostprocessing = 0;
		};
/* End PBXResourcesBuildPhase section */

/* Begin PBXSourcesBuildPhase section */
		DDA743D028F0873500681693 /* Sources */ = {
			isa = PBXSourcesBuildPhase;
			buildActionMask = 2147483647;
			files = (
				DD9553A628F55E7A00D1A9E3 /* IconPicker.swift in Sources */,
				DDFA2F082B7920370037FC6D /* ListEntryView.swift in Sources */,
				DDFA2F062B78EEB80037FC6D /* ListView.swift in Sources */,
				DDFA2F022B78D7460037FC6D /* CustomList.swift in Sources */,
				DDBCED6A28F21FD400F3B22C /* SettingsView.swift in Sources */,
				DDA743DA28F0873500681693 /* ChecklistCellView.swift in Sources */,
				DDA743D828F0873500681693 /* EasyChecklistApp.swift in Sources */,
				DDFA2F042B78ECF30037FC6D /* ListEntry.swift in Sources */,
				DDDA1E432B9D018400E00524 /* CreditsView.swift in Sources */,
				DDFA2F0A2B7FF4170037FC6D /* ContentView.swift in Sources */,
				DD5D52772B9DBE750086B4D3 /* ListDetailEditor.swift in Sources */,
				DD53C04E2C0A53150020DB61 /* PdfMaker.swift in Sources */,
				DD53C0542C0A761D0020DB61 /* CenteredImageLabelStyle.swift in Sources */,
				DD53C0512C0A72100020DB61 /* LABiometryType.swift in Sources */,
			);
			runOnlyForDeploymentPostprocessing = 0;
		};
/* End PBXSourcesBuildPhase section */

/* Begin XCBuildConfiguration section */
		DDA743E128F0873A00681693 /* Debug */ = {
			isa = XCBuildConfiguration;
			buildSettings = {
				ALWAYS_SEARCH_USER_PATHS = NO;
				CLANG_ANALYZER_LOCALIZABILITY_NONLOCALIZED = YES;
				CLANG_ANALYZER_NONNULL = YES;
				CLANG_ANALYZER_NUMBER_OBJECT_CONVERSION = YES_AGGRESSIVE;
				CLANG_CXX_LANGUAGE_STANDARD = "gnu++20";
				CLANG_ENABLE_MODULES = YES;
				CLANG_ENABLE_OBJC_ARC = YES;
				CLANG_ENABLE_OBJC_WEAK = YES;
				CLANG_WARN_BLOCK_CAPTURE_AUTORELEASING = YES;
				CLANG_WARN_BOOL_CONVERSION = YES;
				CLANG_WARN_COMMA = YES;
				CLANG_WARN_CONSTANT_CONVERSION = YES;
				CLANG_WARN_DEPRECATED_OBJC_IMPLEMENTATIONS = YES;
				CLANG_WARN_DIRECT_OBJC_ISA_USAGE = YES_ERROR;
				CLANG_WARN_DOCUMENTATION_COMMENTS = YES;
				CLANG_WARN_EMPTY_BODY = YES;
				CLANG_WARN_ENUM_CONVERSION = YES;
				CLANG_WARN_INFINITE_RECURSION = YES;
				CLANG_WARN_INT_CONVERSION = YES;
				CLANG_WARN_NON_LITERAL_NULL_CONVERSION = YES;
				CLANG_WARN_OBJC_IMPLICIT_RETAIN_SELF = YES;
				CLANG_WARN_OBJC_LITERAL_CONVERSION = YES;
				CLANG_WARN_OBJC_ROOT_CLASS = YES_ERROR;
				CLANG_WARN_QUOTED_INCLUDE_IN_FRAMEWORK_HEADER = YES;
				CLANG_WARN_RANGE_LOOP_ANALYSIS = YES;
				CLANG_WARN_STRICT_PROTOTYPES = YES;
				CLANG_WARN_SUSPICIOUS_MOVE = YES;
				CLANG_WARN_UNGUARDED_AVAILABILITY = YES_AGGRESSIVE;
				CLANG_WARN_UNREACHABLE_CODE = YES;
				CLANG_WARN__DUPLICATE_METHOD_MATCH = YES;
				COPY_PHASE_STRIP = NO;
				DEAD_CODE_STRIPPING = YES;
				DEBUG_INFORMATION_FORMAT = dwarf;
				ENABLE_STRICT_OBJC_MSGSEND = YES;
				ENABLE_TESTABILITY = YES;
				ENABLE_USER_SCRIPT_SANDBOXING = YES;
				GCC_C_LANGUAGE_STANDARD = gnu11;
				GCC_DYNAMIC_NO_PIC = NO;
				GCC_NO_COMMON_BLOCKS = YES;
				GCC_OPTIMIZATION_LEVEL = 0;
				GCC_PREPROCESSOR_DEFINITIONS = (
					"DEBUG=1",
					"$(inherited)",
				);
				GCC_WARN_64_TO_32_BIT_CONVERSION = YES;
				GCC_WARN_ABOUT_RETURN_TYPE = YES_ERROR;
				GCC_WARN_UNDECLARED_SELECTOR = YES;
				GCC_WARN_UNINITIALIZED_AUTOS = YES_AGGRESSIVE;
				GCC_WARN_UNUSED_FUNCTION = YES;
				GCC_WARN_UNUSED_VARIABLE = YES;
				IPHONEOS_DEPLOYMENT_TARGET = 17.0;
				MTL_ENABLE_DEBUG_INFO = INCLUDE_SOURCE;
				MTL_FAST_MATH = YES;
				ONLY_ACTIVE_ARCH = YES;
				SWIFT_ACTIVE_COMPILATION_CONDITIONS = DEBUG;
				SWIFT_OPTIMIZATION_LEVEL = "-Onone";
			};
			name = Debug;
		};
		DDA743E228F0873A00681693 /* Release */ = {
			isa = XCBuildConfiguration;
			buildSettings = {
				ALWAYS_SEARCH_USER_PATHS = NO;
				CLANG_ANALYZER_LOCALIZABILITY_NONLOCALIZED = YES;
				CLANG_ANALYZER_NONNULL = YES;
				CLANG_ANALYZER_NUMBER_OBJECT_CONVERSION = YES_AGGRESSIVE;
				CLANG_CXX_LANGUAGE_STANDARD = "gnu++20";
				CLANG_ENABLE_MODULES = YES;
				CLANG_ENABLE_OBJC_ARC = YES;
				CLANG_ENABLE_OBJC_WEAK = YES;
				CLANG_WARN_BLOCK_CAPTURE_AUTORELEASING = YES;
				CLANG_WARN_BOOL_CONVERSION = YES;
				CLANG_WARN_COMMA = YES;
				CLANG_WARN_CONSTANT_CONVERSION = YES;
				CLANG_WARN_DEPRECATED_OBJC_IMPLEMENTATIONS = YES;
				CLANG_WARN_DIRECT_OBJC_ISA_USAGE = YES_ERROR;
				CLANG_WARN_DOCUMENTATION_COMMENTS = YES;
				CLANG_WARN_EMPTY_BODY = YES;
				CLANG_WARN_ENUM_CONVERSION = YES;
				CLANG_WARN_INFINITE_RECURSION = YES;
				CLANG_WARN_INT_CONVERSION = YES;
				CLANG_WARN_NON_LITERAL_NULL_CONVERSION = YES;
				CLANG_WARN_OBJC_IMPLICIT_RETAIN_SELF = YES;
				CLANG_WARN_OBJC_LITERAL_CONVERSION = YES;
				CLANG_WARN_OBJC_ROOT_CLASS = YES_ERROR;
				CLANG_WARN_QUOTED_INCLUDE_IN_FRAMEWORK_HEADER = YES;
				CLANG_WARN_RANGE_LOOP_ANALYSIS = YES;
				CLANG_WARN_STRICT_PROTOTYPES = YES;
				CLANG_WARN_SUSPICIOUS_MOVE = YES;
				CLANG_WARN_UNGUARDED_AVAILABILITY = YES_AGGRESSIVE;
				CLANG_WARN_UNREACHABLE_CODE = YES;
				CLANG_WARN__DUPLICATE_METHOD_MATCH = YES;
				COPY_PHASE_STRIP = NO;
				DEAD_CODE_STRIPPING = YES;
				DEBUG_INFORMATION_FORMAT = "dwarf-with-dsym";
				ENABLE_NS_ASSERTIONS = NO;
				ENABLE_STRICT_OBJC_MSGSEND = YES;
				ENABLE_USER_SCRIPT_SANDBOXING = YES;
				GCC_C_LANGUAGE_STANDARD = gnu11;
				GCC_NO_COMMON_BLOCKS = YES;
				GCC_WARN_64_TO_32_BIT_CONVERSION = YES;
				GCC_WARN_ABOUT_RETURN_TYPE = YES_ERROR;
				GCC_WARN_UNDECLARED_SELECTOR = YES;
				GCC_WARN_UNINITIALIZED_AUTOS = YES_AGGRESSIVE;
				GCC_WARN_UNUSED_FUNCTION = YES;
				GCC_WARN_UNUSED_VARIABLE = YES;
				IPHONEOS_DEPLOYMENT_TARGET = 17.0;
				MTL_ENABLE_DEBUG_INFO = NO;
				MTL_FAST_MATH = YES;
				SWIFT_COMPILATION_MODE = wholemodule;
				SWIFT_OPTIMIZATION_LEVEL = "-O";
			};
			name = Release;
		};
		DDA743E428F0873A00681693 /* Debug */ = {
			isa = XCBuildConfiguration;
			buildSettings = {
				ASSETCATALOG_COMPILER_APPICON_NAME = AppIcon;
				ASSETCATALOG_COMPILER_GLOBAL_ACCENT_COLOR_NAME = AccentColor;
				CODE_SIGN_ENTITLEMENTS = EasyChecklist/EasyChecklist.entitlements;
				CODE_SIGN_STYLE = Automatic;
				CURRENT_PROJECT_VERSION = 1;
				DEAD_CODE_STRIPPING = YES;
				DEVELOPMENT_ASSET_PATHS = "\"EasyChecklist/Preview Content\"";
				DEVELOPMENT_TEAM = ATQPB625XL;
				ENABLE_HARDENED_RUNTIME = YES;
				ENABLE_PREVIEWS = YES;
				GENERATE_INFOPLIST_FILE = YES;
				INFOPLIST_FILE = EasyChecklist/Info.plist;
				INFOPLIST_KEY_LSApplicationCategoryType = "public.app-category.productivity";
				INFOPLIST_KEY_NSFaceIDUsageDescription = "Allow Biometrics for Authentication";
				"INFOPLIST_KEY_UIApplicationSceneManifest_Generation[sdk=iphoneos*]" = YES;
				"INFOPLIST_KEY_UIApplicationSceneManifest_Generation[sdk=iphonesimulator*]" = YES;
				"INFOPLIST_KEY_UIApplicationSupportsIndirectInputEvents[sdk=iphoneos*]" = YES;
				"INFOPLIST_KEY_UIApplicationSupportsIndirectInputEvents[sdk=iphonesimulator*]" = YES;
				"INFOPLIST_KEY_UILaunchScreen_Generation[sdk=iphoneos*]" = YES;
				"INFOPLIST_KEY_UILaunchScreen_Generation[sdk=iphonesimulator*]" = YES;
				INFOPLIST_KEY_UIStatusBarStyle = "";
				"INFOPLIST_KEY_UIStatusBarStyle[sdk=iphoneos*]" = UIStatusBarStyleDefault;
				"INFOPLIST_KEY_UIStatusBarStyle[sdk=iphonesimulator*]" = UIStatusBarStyleDefault;
				INFOPLIST_KEY_UISupportedInterfaceOrientations = UIInterfaceOrientationPortrait;
				INFOPLIST_KEY_UISupportedInterfaceOrientations_iPad = "UIInterfaceOrientationLandscapeLeft UIInterfaceOrientationLandscapeRight UIInterfaceOrientationPortrait UIInterfaceOrientationPortraitUpsideDown";
				IPHONEOS_DEPLOYMENT_TARGET = 17.0;
				LD_RUNPATH_SEARCH_PATHS = "@executable_path/Frameworks";
				"LD_RUNPATH_SEARCH_PATHS[sdk=macosx*]" = "@executable_path/../Frameworks";
				MACOSX_DEPLOYMENT_TARGET = 14.0;
				MARKETING_VERSION = 1.0;
				PRODUCT_BUNDLE_IDENTIFIER = com.photangralenphie.EasyChecklist;
				PRODUCT_NAME = "$(TARGET_NAME)";
				SDKROOT = auto;
				SUPPORTED_PLATFORMS = "iphoneos iphonesimulator";
				SUPPORTS_MACCATALYST = NO;
				SUPPORTS_MAC_DESIGNED_FOR_IPHONE_IPAD = NO;
				SWIFT_EMIT_LOC_STRINGS = YES;
				SWIFT_VERSION = 5.0;
				TARGETED_DEVICE_FAMILY = "1,2";
			};
			name = Debug;
		};
		DDA743E528F0873A00681693 /* Release */ = {
			isa = XCBuildConfiguration;
			buildSettings = {
				ASSETCATALOG_COMPILER_APPICON_NAME = AppIcon;
				ASSETCATALOG_COMPILER_GLOBAL_ACCENT_COLOR_NAME = AccentColor;
				CODE_SIGN_ENTITLEMENTS = EasyChecklist/EasyChecklist.entitlements;
				CODE_SIGN_STYLE = Automatic;
				CURRENT_PROJECT_VERSION = 1;
				DEAD_CODE_STRIPPING = YES;
				DEVELOPMENT_ASSET_PATHS = "\"EasyChecklist/Preview Content\"";
				DEVELOPMENT_TEAM = ATQPB625XL;
				ENABLE_HARDENED_RUNTIME = YES;
				ENABLE_PREVIEWS = YES;
				GENERATE_INFOPLIST_FILE = YES;
				INFOPLIST_FILE = EasyChecklist/Info.plist;
				INFOPLIST_KEY_LSApplicationCategoryType = "public.app-category.productivity";
				INFOPLIST_KEY_NSFaceIDUsageDescription = "Allow Biometrics for Authentication";
				"INFOPLIST_KEY_UIApplicationSceneManifest_Generation[sdk=iphoneos*]" = YES;
				"INFOPLIST_KEY_UIApplicationSceneManifest_Generation[sdk=iphonesimulator*]" = YES;
				"INFOPLIST_KEY_UIApplicationSupportsIndirectInputEvents[sdk=iphoneos*]" = YES;
				"INFOPLIST_KEY_UIApplicationSupportsIndirectInputEvents[sdk=iphonesimulator*]" = YES;
				"INFOPLIST_KEY_UILaunchScreen_Generation[sdk=iphoneos*]" = YES;
				"INFOPLIST_KEY_UILaunchScreen_Generation[sdk=iphonesimulator*]" = YES;
				INFOPLIST_KEY_UIStatusBarStyle = "";
				"INFOPLIST_KEY_UIStatusBarStyle[sdk=iphoneos*]" = UIStatusBarStyleDefault;
				"INFOPLIST_KEY_UIStatusBarStyle[sdk=iphonesimulator*]" = UIStatusBarStyleDefault;
				INFOPLIST_KEY_UISupportedInterfaceOrientations = UIInterfaceOrientationPortrait;
				INFOPLIST_KEY_UISupportedInterfaceOrientations_iPad = "UIInterfaceOrientationLandscapeLeft UIInterfaceOrientationLandscapeRight UIInterfaceOrientationPortrait UIInterfaceOrientationPortraitUpsideDown";
				IPHONEOS_DEPLOYMENT_TARGET = 17.0;
				LD_RUNPATH_SEARCH_PATHS = "@executable_path/Frameworks";
				"LD_RUNPATH_SEARCH_PATHS[sdk=macosx*]" = "@executable_path/../Frameworks";
				MACOSX_DEPLOYMENT_TARGET = 14.0;
				MARKETING_VERSION = 1.0;
				PRODUCT_BUNDLE_IDENTIFIER = com.photangralenphie.EasyChecklist;
				PRODUCT_NAME = "$(TARGET_NAME)";
				SDKROOT = auto;
				SUPPORTED_PLATFORMS = "iphoneos iphonesimulator";
				SUPPORTS_MACCATALYST = NO;
				SUPPORTS_MAC_DESIGNED_FOR_IPHONE_IPAD = NO;
				SWIFT_EMIT_LOC_STRINGS = YES;
				SWIFT_VERSION = 5.0;
				TARGETED_DEVICE_FAMILY = "1,2";
			};
			name = Release;
		};
/* End XCBuildConfiguration section */

/* Begin XCConfigurationList section */
		DDA743CF28F0873500681693 /* Build configuration list for PBXProject "EasyChecklist" */ = {
			isa = XCConfigurationList;
			buildConfigurations = (
				DDA743E128F0873A00681693 /* Debug */,
				DDA743E228F0873A00681693 /* Release */,
			);
			defaultConfigurationIsVisible = 0;
			defaultConfigurationName = Release;
		};
		DDA743E328F0873A00681693 /* Build configuration list for PBXNativeTarget "EasyChecklist" */ = {
			isa = XCConfigurationList;
			buildConfigurations = (
				DDA743E428F0873A00681693 /* Debug */,
				DDA743E528F0873A00681693 /* Release */,
			);
			defaultConfigurationIsVisible = 0;
			defaultConfigurationName = Release;
		};
/* End XCConfigurationList section */

/* Begin XCRemoteSwiftPackageReference section */
		DD034E482B93B1D20038F7A7 /* XCRemoteSwiftPackageReference "PrintingKit" */ = {
			isa = XCRemoteSwiftPackageReference;
			repositoryURL = "https://github.com/danielsaidi/PrintingKit";
			requirement = {
				kind = upToNextMajorVersion;
				minimumVersion = 0.4.2;
			};
		};
		DD034E4B2B93B5F10038F7A7 /* XCRemoteSwiftPackageReference "TPPDF" */ = {
			isa = XCRemoteSwiftPackageReference;
			repositoryURL = "https://github.com/techprimate/TPPDF";
			requirement = {
				kind = upToNextMajorVersion;
				minimumVersion = 2.4.1;
			};
		};
		DD53C0582C0C784A0020DB61 /* XCRemoteSwiftPackageReference "AwsomeSwiftyComponents" */ = {
			isa = XCRemoteSwiftPackageReference;
			repositoryURL = "https://github.com/photangralenphie/AwsomeSwiftyComponents";
			requirement = {
				branch = main;
				kind = branch;
			};
		};
/* End XCRemoteSwiftPackageReference section */

/* Begin XCSwiftPackageProductDependency section */
		DD034E492B93B1D20038F7A7 /* PrintingKit */ = {
			isa = XCSwiftPackageProductDependency;
			package = DD034E482B93B1D20038F7A7 /* XCRemoteSwiftPackageReference "PrintingKit" */;
			productName = PrintingKit;
		};
		DD034E4C2B93B5F10038F7A7 /* TPPDF */ = {
			isa = XCSwiftPackageProductDependency;
			package = DD034E4B2B93B5F10038F7A7 /* XCRemoteSwiftPackageReference "TPPDF" */;
			productName = TPPDF;
		};
		DD53C0592C0C784A0020DB61 /* AwsomeSwiftyComponents */ = {
			isa = XCSwiftPackageProductDependency;
			package = DD53C0582C0C784A0020DB61 /* XCRemoteSwiftPackageReference "AwsomeSwiftyComponents" */;
			productName = AwsomeSwiftyComponents;
		};
/* End XCSwiftPackageProductDependency section */
	};
	rootObject = DDA743CC28F0873500681693 /* Project object */;
}
